
Microsoft Visual Studio Solution File, Format Version 12.00
# Visual Studio Version 17
VisualStudioVersion = 17.0.31912.275
MinimumVisualStudioVersion = 10.0.40219.1
Project("{2150E333-8FDC-42A3-9474-1A3956D46DE8}") = "Module_02", "Module_02", "{B490DB69-D7BA-4C79-9F6D-9A8993E699AD}"
EndProject
Project("{FAE04EC0-301F-11D3-BF4B-00C04F79EFBC}") = "Homework_Theme_02", "Module_02\Homework_Theme_01\Homework_Theme_02.csproj", "{19A29861-EDF2-44FF-9C63-FEAE0939348E}"
EndProject
Project("{FAE04EC0-301F-11D3-BF4B-00C04F79EFBC}") = "Homework_Theme_02_Task_01", "Module_02\Homework_Theme_02_Task_01\Homework_Theme_02_Task_01.csproj", "{581E4196-6435-412F-9BE2-EE4608A83D80}"
EndProject
Project("{FAE04EC0-301F-11D3-BF4B-00C04F79EFBC}") = "Homework_Theme_02_Task_02", "Module_02\Homework_Theme_02_Task_02\Homework_Theme_02_Task_02.csproj", "{8FE10518-C87A-4E9B-A240-D9DB83C1E342}"
EndProject
Project("{FAE04EC0-301F-11D3-BF4B-00C04F79EFBC}") = "Homework_Theme_02_Task_03", "Module_02\Homework_Theme_02_Task_03\Homework_Theme_02_Task_03.csproj", "{AA5FA35B-542E-493F-9D2F-A0147CF9BB3B}"
EndProject
Project("{FAE04EC0-301F-11D3-BF4B-00C04F79EFBC}") = "Homework_Theme_02_Task_04", "Module_02\Homework_Theme_02_Task_04\Homework_Theme_02_Task_04.csproj", "{AF899F15-B174-453E-B4C5-0B13111B7AAD}"
EndProject
Project("{FAE04EC0-301F-11D3-BF4B-00C04F79EFBC}") = "Homework_Theme_02_Task_05", "Module_02\Homework_Theme_02_Task_05\Homework_Theme_02_Task_05.csproj", "{AFD37BCC-1EC1-44E1-91F6-2C3FAA8400C6}"
EndProject
Project("{2150E333-8FDC-42A3-9474-1A3956D46DE8}") = "Module_03", "Module_03", "{764107D5-913D-4BC5-985E-250E0BC16E3D}"
EndProject
Project("{FAE04EC0-301F-11D3-BF4B-00C04F79EFBC}") = "Homework_Theme_03", "Module_03\Homework_Theme_03\Homework_Theme_03.csproj", "{003BDC77-7FBF-4762-A477-330A52636A84}"
EndProject
Project("{FAE04EC0-301F-11D3-BF4B-00C04F79EFBC}") = "Homework_Theme_03_Task_01", "Module_03\Homework_Theme_03_Task_01\Homework_Theme_03_Task_01.csproj", "{6E2CEC8F-780E-4A49-A3BB-2D8E88E20DA2}"
EndProject
Project("{FAE04EC0-301F-11D3-BF4B-00C04F79EFBC}") = "Homework_Theme_03_Task_02", "Module_03\Homework_Theme_03_Task_02\Homework_Theme_03_Task_02.csproj", "{B9E21310-0DA4-4B1C-99DE-15F3728B6712}"
EndProject
Project("{FAE04EC0-301F-11D3-BF4B-00C04F79EFBC}") = "Homework_Theme_03_Task_03", "Module_03\Homework_Theme_03_Task_03\Homework_Theme_03_Task_03.csproj", "{42A58D5C-8AEC-4155-9EF3-5C09CC42E65A}"
EndProject
Project("{2150E333-8FDC-42A3-9474-1A3956D46DE8}") = "Module_04", "Module_04", "{A31E8CF7-9B01-45E6-BAD6-90AF09BB71A6}"
EndProject
Project("{2150E333-8FDC-42A3-9474-1A3956D46DE8}") = "Module_05", "Module_05", "{869554FB-23C8-43CE-927C-54DAB53E3C19}"
EndProject
Project("{2150E333-8FDC-42A3-9474-1A3956D46DE8}") = "Module_06", "Module_06", "{0517D264-2154-42D0-88DA-57DBAF62A9EE}"
EndProject
Project("{2150E333-8FDC-42A3-9474-1A3956D46DE8}") = "Module_07", "Module_07", "{1B16CABC-EE40-4183-B7EE-0DD6C91D6BDE}"
EndProject
Project("{2150E333-8FDC-42A3-9474-1A3956D46DE8}") = "Module_08", "Module_08", "{B65E2E44-3EFE-4A89-B162-A47A9E0F474A}"
EndProject
Project("{FAE04EC0-301F-11D3-BF4B-00C04F79EFBC}") = "Homework_Theme_04", "Module_04\Homework_Theme_04\Homework_Theme_04.csproj", "{F1FA1384-19C3-43B5-8900-E45234AFF3EE}"
EndProject
Project("{FAE04EC0-301F-11D3-BF4B-00C04F79EFBC}") = "Homework_Theme_04_Task_01", "Module_04\Homework_Theme_04_Task_01\Homework_Theme_04_Task_01.csproj", "{80298F25-3CD9-4D04-8000-E259A935931E}"
EndProject
Project("{FAE04EC0-301F-11D3-BF4B-00C04F79EFBC}") = "Homework_Theme_05_Task_01", "Module_05\Homework_Theme_05_Task_01\Homework_Theme_05_Task_01.csproj", "{2FB84D75-1958-4F38-861B-0102E8F2409D}"
EndProject
Project("{FAE04EC0-301F-11D3-BF4B-00C04F79EFBC}") = "Homework_Theme_05_Task_02", "Module_05\Homework_Theme_05_Task_02\Homework_Theme_05_Task_02.csproj", "{7C3F51CD-9FEB-41BA-AF70-C8D513CCEDC3}"
EndProject
Project("{FAE04EC0-301F-11D3-BF4B-00C04F79EFBC}") = "Homework_Theme_05_Task_03", "Module_05\Homework_Theme_05_Task_03\Homework_Theme_05_Task_03.csproj", "{F8DEA5BA-FEAE-4E3F-9836-B8951F19B23B}"
EndProject
Project("{FAE04EC0-301F-11D3-BF4B-00C04F79EFBC}") = "Homework_Theme_05_Task_04", "Module_05\Homework_Theme_05_Task_04\Homework_Theme_05_Task_04.csproj", "{62D9086B-9813-4571-BD40-9E27F5335CD0}"
EndProject
Project("{FAE04EC0-301F-11D3-BF4B-00C04F79EFBC}") = "Homework_Theme_05_Task_05", "Module_05\Homework_Theme_05_Task_05\Homework_Theme_05_Task_05.csproj", "{A3E43BA3-92E5-42C8-BE15-6F70694FD5E3}"
EndProject
Project("{FAE04EC0-301F-11D3-BF4B-00C04F79EFBC}") = "Homework_06", "Module_06\Homework_06\Homework_06.csproj", "{EEF29EFE-CBCC-4073-99BD-80B1AA57DEC3}"
EndProject
Project("{FAE04EC0-301F-11D3-BF4B-00C04F79EFBC}") = "Homework_06_Task_01", "Module_06\Homework_06_Task_01\Homework_06_Task_01.csproj", "{5A649161-5F2B-4650-8CAE-7935A80F47E0}"
EndProject
Project("{FAE04EC0-301F-11D3-BF4B-00C04F79EFBC}") = "Homework_07", "Module_07\Homework_07\Homework_07.csproj", "{FC85C3A2-9809-42EF-B906-47F5D3DF3D60}"
EndProject
Project("{FAE04EC0-301F-11D3-BF4B-00C04F79EFBC}") = "Homework_07_Task_01", "Module_07\Homework_07_Task_01\Homework_07_Task_01.csproj", "{C6C95C54-F03F-42E2-95CC-3FDC04E75C49}"
EndProject
Project("{FAE04EC0-301F-11D3-BF4B-00C04F79EFBC}") = "Homework_08", "Module_08\Homework_08\Homework_08.csproj", "{9E162287-AA31-490E-8D6E-699FBE71A0A8}"
EndProject
Project("{FAE04EC0-301F-11D3-BF4B-00C04F79EFBC}") = "Homework_07_Task_02", "Module_07\Homework_07_Task_02\Homework_07_Task_02.csproj", "{2E64DC6C-BC83-4F8A-889A-07CD8F2A1BC6}"
EndProject
Project("{FAE04EC0-301F-11D3-BF4B-00C04F79EFBC}") = "Homework_08_Task_01", "Module_08\Homework_08_Task_01\Homework_08_Task_01.csproj", "{89C31FCB-4131-4D3F-9D7B-A9A664B691F8}"
EndProject
Project("{2150E333-8FDC-42A3-9474-1A3956D46DE8}") = "Module_09", "Module_09", "{BB9D8D1C-DD96-4880-A9B6-FC8A0A37DDCD}"
EndProject
Project("{FAE04EC0-301F-11D3-BF4B-00C04F79EFBC}") = "Homework_09", "Module_09\Homework_09\Homework_09.csproj", "{DCF8C687-D6B6-4E61-AF0A-BA88C65B7691}"
EndProject
Project("{FAE04EC0-301F-11D3-BF4B-00C04F79EFBC}") = "Homework_09_Task_01", "Module_09\Homework_09_Task_01\Homework_09_Task_01.csproj", "{2CD3A5BC-DCB7-46A9-8F9B-7B9929584AF2}"
EndProject
Project("{9A19103F-16F7-4668-BE54-9A1E7A4F7556}") = "Homework_09_Task_01_Core", "Module_09\Homework_09_Task_01_Core\Homework_09_Task_01_Core.csproj", "{E5D1DEA9-E938-4CDC-BCA9-D0B77886264D}"
EndProject
Project("{2150E333-8FDC-42A3-9474-1A3956D46DE8}") = "Module_10", "Module_10", "{AA27C614-73FF-46C3-9068-2B11B7399058}"
EndProject
Project("{FAE04EC0-301F-11D3-BF4B-00C04F79EFBC}") = "Homework_10", "Module_10\Homework_10\Homework_10.csproj", "{514DD4BE-6262-4272-BE46-7DFD5A1040FC}"
EndProject
Project("{FAE04EC0-301F-11D3-BF4B-00C04F79EFBC}") = "Homework_10_Task_01", "Module_10\Homework_10_Task_01\Homework_10_Task_01.csproj", "{17FE2C9A-2E16-4602-95A9-FABE8E32D916}"
EndProject
Project("{9A19103F-16F7-4668-BE54-9A1E7A4F7556}") = "Homework_10_Task_01_Core", "Module_10\Homework_10_Task_01_Core\Homework_10_Task_01_Core.csproj", "{312E5380-77AD-49F4-B304-20CE0C3797BE}"
EndProject
Project("{FAE04EC0-301F-11D3-BF4B-00C04F79EFBC}") = "Homework_10_Task_MVVM", "Module_10\Homework_10_Task_MVVM\Homework_10_Task_MVVM.csproj", "{51C3C01F-111D-4256-92C9-50E9C0202A40}"
EndProject
Project("{FAE04EC0-301F-11D3-BF4B-00C04F79EFBC}") = "Homework_10_Example_MVVM", "Module_10\Homework_10_Example_MVVM\Homework_10_Example_MVVM.csproj", "{8B0D2414-C556-4D7C-AB6D-3E97AB2AD87A}"
EndProject
Global
	GlobalSection(SolutionConfigurationPlatforms) = preSolution
		Debug|Any CPU = Debug|Any CPU
		Release|Any CPU = Release|Any CPU
	EndGlobalSection
	GlobalSection(ProjectConfigurationPlatforms) = postSolution
		{19A29861-EDF2-44FF-9C63-FEAE0939348E}.Debug|Any CPU.ActiveCfg = Debug|Any CPU
		{19A29861-EDF2-44FF-9C63-FEAE0939348E}.Debug|Any CPU.Build.0 = Debug|Any CPU
		{19A29861-EDF2-44FF-9C63-FEAE0939348E}.Release|Any CPU.ActiveCfg = Release|Any CPU
		{19A29861-EDF2-44FF-9C63-FEAE0939348E}.Release|Any CPU.Build.0 = Release|Any CPU
		{581E4196-6435-412F-9BE2-EE4608A83D80}.Debug|Any CPU.ActiveCfg = Debug|Any CPU
		{581E4196-6435-412F-9BE2-EE4608A83D80}.Debug|Any CPU.Build.0 = Debug|Any CPU
		{581E4196-6435-412F-9BE2-EE4608A83D80}.Release|Any CPU.ActiveCfg = Release|Any CPU
		{581E4196-6435-412F-9BE2-EE4608A83D80}.Release|Any CPU.Build.0 = Release|Any CPU
		{8FE10518-C87A-4E9B-A240-D9DB83C1E342}.Debug|Any CPU.ActiveCfg = Debug|Any CPU
		{8FE10518-C87A-4E9B-A240-D9DB83C1E342}.Debug|Any CPU.Build.0 = Debug|Any CPU
		{8FE10518-C87A-4E9B-A240-D9DB83C1E342}.Release|Any CPU.ActiveCfg = Release|Any CPU
		{8FE10518-C87A-4E9B-A240-D9DB83C1E342}.Release|Any CPU.Build.0 = Release|Any CPU
		{AA5FA35B-542E-493F-9D2F-A0147CF9BB3B}.Debug|Any CPU.ActiveCfg = Debug|Any CPU
		{AA5FA35B-542E-493F-9D2F-A0147CF9BB3B}.Debug|Any CPU.Build.0 = Debug|Any CPU
		{AA5FA35B-542E-493F-9D2F-A0147CF9BB3B}.Release|Any CPU.ActiveCfg = Release|Any CPU
		{AA5FA35B-542E-493F-9D2F-A0147CF9BB3B}.Release|Any CPU.Build.0 = Release|Any CPU
		{AF899F15-B174-453E-B4C5-0B13111B7AAD}.Debug|Any CPU.ActiveCfg = Debug|Any CPU
		{AF899F15-B174-453E-B4C5-0B13111B7AAD}.Debug|Any CPU.Build.0 = Debug|Any CPU
		{AF899F15-B174-453E-B4C5-0B13111B7AAD}.Release|Any CPU.ActiveCfg = Release|Any CPU
		{AF899F15-B174-453E-B4C5-0B13111B7AAD}.Release|Any CPU.Build.0 = Release|Any CPU
		{AFD37BCC-1EC1-44E1-91F6-2C3FAA8400C6}.Debug|Any CPU.ActiveCfg = Debug|Any CPU
		{AFD37BCC-1EC1-44E1-91F6-2C3FAA8400C6}.Debug|Any CPU.Build.0 = Debug|Any CPU
		{AFD37BCC-1EC1-44E1-91F6-2C3FAA8400C6}.Release|Any CPU.ActiveCfg = Release|Any CPU
		{AFD37BCC-1EC1-44E1-91F6-2C3FAA8400C6}.Release|Any CPU.Build.0 = Release|Any CPU
		{003BDC77-7FBF-4762-A477-330A52636A84}.Debug|Any CPU.ActiveCfg = Debug|Any CPU
		{003BDC77-7FBF-4762-A477-330A52636A84}.Debug|Any CPU.Build.0 = Debug|Any CPU
		{003BDC77-7FBF-4762-A477-330A52636A84}.Release|Any CPU.ActiveCfg = Release|Any CPU
		{003BDC77-7FBF-4762-A477-330A52636A84}.Release|Any CPU.Build.0 = Release|Any CPU
		{6E2CEC8F-780E-4A49-A3BB-2D8E88E20DA2}.Debug|Any CPU.ActiveCfg = Debug|Any CPU
		{6E2CEC8F-780E-4A49-A3BB-2D8E88E20DA2}.Debug|Any CPU.Build.0 = Debug|Any CPU
		{6E2CEC8F-780E-4A49-A3BB-2D8E88E20DA2}.Release|Any CPU.ActiveCfg = Release|Any CPU
		{6E2CEC8F-780E-4A49-A3BB-2D8E88E20DA2}.Release|Any CPU.Build.0 = Release|Any CPU
		{B9E21310-0DA4-4B1C-99DE-15F3728B6712}.Debug|Any CPU.ActiveCfg = Debug|Any CPU
		{B9E21310-0DA4-4B1C-99DE-15F3728B6712}.Debug|Any CPU.Build.0 = Debug|Any CPU
		{B9E21310-0DA4-4B1C-99DE-15F3728B6712}.Release|Any CPU.ActiveCfg = Release|Any CPU
		{B9E21310-0DA4-4B1C-99DE-15F3728B6712}.Release|Any CPU.Build.0 = Release|Any CPU
		{42A58D5C-8AEC-4155-9EF3-5C09CC42E65A}.Debug|Any CPU.ActiveCfg = Debug|Any CPU
		{42A58D5C-8AEC-4155-9EF3-5C09CC42E65A}.Debug|Any CPU.Build.0 = Debug|Any CPU
		{42A58D5C-8AEC-4155-9EF3-5C09CC42E65A}.Release|Any CPU.ActiveCfg = Release|Any CPU
		{42A58D5C-8AEC-4155-9EF3-5C09CC42E65A}.Release|Any CPU.Build.0 = Release|Any CPU
		{F1FA1384-19C3-43B5-8900-E45234AFF3EE}.Debug|Any CPU.ActiveCfg = Debug|Any CPU
		{F1FA1384-19C3-43B5-8900-E45234AFF3EE}.Debug|Any CPU.Build.0 = Debug|Any CPU
		{F1FA1384-19C3-43B5-8900-E45234AFF3EE}.Release|Any CPU.ActiveCfg = Release|Any CPU
		{F1FA1384-19C3-43B5-8900-E45234AFF3EE}.Release|Any CPU.Build.0 = Release|Any CPU
		{80298F25-3CD9-4D04-8000-E259A935931E}.Debug|Any CPU.ActiveCfg = Debug|Any CPU
		{80298F25-3CD9-4D04-8000-E259A935931E}.Debug|Any CPU.Build.0 = Debug|Any CPU
		{80298F25-3CD9-4D04-8000-E259A935931E}.Release|Any CPU.ActiveCfg = Release|Any CPU
		{80298F25-3CD9-4D04-8000-E259A935931E}.Release|Any CPU.Build.0 = Release|Any CPU
		{2FB84D75-1958-4F38-861B-0102E8F2409D}.Debug|Any CPU.ActiveCfg = Debug|Any CPU
		{2FB84D75-1958-4F38-861B-0102E8F2409D}.Debug|Any CPU.Build.0 = Debug|Any CPU
		{2FB84D75-1958-4F38-861B-0102E8F2409D}.Release|Any CPU.ActiveCfg = Release|Any CPU
		{2FB84D75-1958-4F38-861B-0102E8F2409D}.Release|Any CPU.Build.0 = Release|Any CPU
		{7C3F51CD-9FEB-41BA-AF70-C8D513CCEDC3}.Debug|Any CPU.ActiveCfg = Debug|Any CPU
		{7C3F51CD-9FEB-41BA-AF70-C8D513CCEDC3}.Debug|Any CPU.Build.0 = Debug|Any CPU
		{7C3F51CD-9FEB-41BA-AF70-C8D513CCEDC3}.Release|Any CPU.ActiveCfg = Release|Any CPU
		{7C3F51CD-9FEB-41BA-AF70-C8D513CCEDC3}.Release|Any CPU.Build.0 = Release|Any CPU
		{F8DEA5BA-FEAE-4E3F-9836-B8951F19B23B}.Debug|Any CPU.ActiveCfg = Debug|Any CPU
		{F8DEA5BA-FEAE-4E3F-9836-B8951F19B23B}.Debug|Any CPU.Build.0 = Debug|Any CPU
		{F8DEA5BA-FEAE-4E3F-9836-B8951F19B23B}.Release|Any CPU.ActiveCfg = Release|Any CPU
		{F8DEA5BA-FEAE-4E3F-9836-B8951F19B23B}.Release|Any CPU.Build.0 = Release|Any CPU
		{62D9086B-9813-4571-BD40-9E27F5335CD0}.Debug|Any CPU.ActiveCfg = Debug|Any CPU
		{62D9086B-9813-4571-BD40-9E27F5335CD0}.Debug|Any CPU.Build.0 = Debug|Any CPU
		{62D9086B-9813-4571-BD40-9E27F5335CD0}.Release|Any CPU.ActiveCfg = Release|Any CPU
		{62D9086B-9813-4571-BD40-9E27F5335CD0}.Release|Any CPU.Build.0 = Release|Any CPU
		{A3E43BA3-92E5-42C8-BE15-6F70694FD5E3}.Debug|Any CPU.ActiveCfg = Debug|Any CPU
		{A3E43BA3-92E5-42C8-BE15-6F70694FD5E3}.Debug|Any CPU.Build.0 = Debug|Any CPU
		{A3E43BA3-92E5-42C8-BE15-6F70694FD5E3}.Release|Any CPU.ActiveCfg = Release|Any CPU
		{A3E43BA3-92E5-42C8-BE15-6F70694FD5E3}.Release|Any CPU.Build.0 = Release|Any CPU
		{EEF29EFE-CBCC-4073-99BD-80B1AA57DEC3}.Debug|Any CPU.ActiveCfg = Debug|Any CPU
		{EEF29EFE-CBCC-4073-99BD-80B1AA57DEC3}.Debug|Any CPU.Build.0 = Debug|Any CPU
		{EEF29EFE-CBCC-4073-99BD-80B1AA57DEC3}.Release|Any CPU.ActiveCfg = Release|Any CPU
		{EEF29EFE-CBCC-4073-99BD-80B1AA57DEC3}.Release|Any CPU.Build.0 = Release|Any CPU
		{5A649161-5F2B-4650-8CAE-7935A80F47E0}.Debug|Any CPU.ActiveCfg = Debug|Any CPU
		{5A649161-5F2B-4650-8CAE-7935A80F47E0}.Debug|Any CPU.Build.0 = Debug|Any CPU
		{5A649161-5F2B-4650-8CAE-7935A80F47E0}.Release|Any CPU.ActiveCfg = Release|Any CPU
		{5A649161-5F2B-4650-8CAE-7935A80F47E0}.Release|Any CPU.Build.0 = Release|Any CPU
		{FC85C3A2-9809-42EF-B906-47F5D3DF3D60}.Debug|Any CPU.ActiveCfg = Debug|Any CPU
		{FC85C3A2-9809-42EF-B906-47F5D3DF3D60}.Debug|Any CPU.Build.0 = Debug|Any CPU
		{FC85C3A2-9809-42EF-B906-47F5D3DF3D60}.Release|Any CPU.ActiveCfg = Release|Any CPU
		{FC85C3A2-9809-42EF-B906-47F5D3DF3D60}.Release|Any CPU.Build.0 = Release|Any CPU
		{C6C95C54-F03F-42E2-95CC-3FDC04E75C49}.Debug|Any CPU.ActiveCfg = Debug|Any CPU
		{C6C95C54-F03F-42E2-95CC-3FDC04E75C49}.Debug|Any CPU.Build.0 = Debug|Any CPU
		{C6C95C54-F03F-42E2-95CC-3FDC04E75C49}.Release|Any CPU.ActiveCfg = Release|Any CPU
		{C6C95C54-F03F-42E2-95CC-3FDC04E75C49}.Release|Any CPU.Build.0 = Release|Any CPU
		{9E162287-AA31-490E-8D6E-699FBE71A0A8}.Debug|Any CPU.ActiveCfg = Debug|Any CPU
		{9E162287-AA31-490E-8D6E-699FBE71A0A8}.Debug|Any CPU.Build.0 = Debug|Any CPU
		{9E162287-AA31-490E-8D6E-699FBE71A0A8}.Release|Any CPU.ActiveCfg = Release|Any CPU
		{9E162287-AA31-490E-8D6E-699FBE71A0A8}.Release|Any CPU.Build.0 = Release|Any CPU
		{2E64DC6C-BC83-4F8A-889A-07CD8F2A1BC6}.Debug|Any CPU.ActiveCfg = Debug|Any CPU
		{2E64DC6C-BC83-4F8A-889A-07CD8F2A1BC6}.Debug|Any CPU.Build.0 = Debug|Any CPU
		{2E64DC6C-BC83-4F8A-889A-07CD8F2A1BC6}.Release|Any CPU.ActiveCfg = Release|Any CPU
		{2E64DC6C-BC83-4F8A-889A-07CD8F2A1BC6}.Release|Any CPU.Build.0 = Release|Any CPU
		{89C31FCB-4131-4D3F-9D7B-A9A664B691F8}.Debug|Any CPU.ActiveCfg = Debug|Any CPU
		{89C31FCB-4131-4D3F-9D7B-A9A664B691F8}.Debug|Any CPU.Build.0 = Debug|Any CPU
		{89C31FCB-4131-4D3F-9D7B-A9A664B691F8}.Release|Any CPU.ActiveCfg = Release|Any CPU
		{89C31FCB-4131-4D3F-9D7B-A9A664B691F8}.Release|Any CPU.Build.0 = Release|Any CPU
		{DCF8C687-D6B6-4E61-AF0A-BA88C65B7691}.Debug|Any CPU.ActiveCfg = Debug|Any CPU
		{DCF8C687-D6B6-4E61-AF0A-BA88C65B7691}.Debug|Any CPU.Build.0 = Debug|Any CPU
		{DCF8C687-D6B6-4E61-AF0A-BA88C65B7691}.Release|Any CPU.ActiveCfg = Release|Any CPU
		{DCF8C687-D6B6-4E61-AF0A-BA88C65B7691}.Release|Any CPU.Build.0 = Release|Any CPU
		{2CD3A5BC-DCB7-46A9-8F9B-7B9929584AF2}.Debug|Any CPU.ActiveCfg = Debug|Any CPU
		{2CD3A5BC-DCB7-46A9-8F9B-7B9929584AF2}.Debug|Any CPU.Build.0 = Debug|Any CPU
		{2CD3A5BC-DCB7-46A9-8F9B-7B9929584AF2}.Release|Any CPU.ActiveCfg = Release|Any CPU
		{2CD3A5BC-DCB7-46A9-8F9B-7B9929584AF2}.Release|Any CPU.Build.0 = Release|Any CPU
		{E5D1DEA9-E938-4CDC-BCA9-D0B77886264D}.Debug|Any CPU.ActiveCfg = Debug|Any CPU
		{E5D1DEA9-E938-4CDC-BCA9-D0B77886264D}.Debug|Any CPU.Build.0 = Debug|Any CPU
		{E5D1DEA9-E938-4CDC-BCA9-D0B77886264D}.Release|Any CPU.ActiveCfg = Release|Any CPU
		{E5D1DEA9-E938-4CDC-BCA9-D0B77886264D}.Release|Any CPU.Build.0 = Release|Any CPU
		{514DD4BE-6262-4272-BE46-7DFD5A1040FC}.Debug|Any CPU.ActiveCfg = Debug|Any CPU
		{514DD4BE-6262-4272-BE46-7DFD5A1040FC}.Debug|Any CPU.Build.0 = Debug|Any CPU
		{514DD4BE-6262-4272-BE46-7DFD5A1040FC}.Release|Any CPU.ActiveCfg = Release|Any CPU
		{514DD4BE-6262-4272-BE46-7DFD5A1040FC}.Release|Any CPU.Build.0 = Release|Any CPU
		{17FE2C9A-2E16-4602-95A9-FABE8E32D916}.Debug|Any CPU.ActiveCfg = Debug|Any CPU
		{17FE2C9A-2E16-4602-95A9-FABE8E32D916}.Debug|Any CPU.Build.0 = Debug|Any CPU
		{17FE2C9A-2E16-4602-95A9-FABE8E32D916}.Release|Any CPU.ActiveCfg = Release|Any CPU
		{17FE2C9A-2E16-4602-95A9-FABE8E32D916}.Release|Any CPU.Build.0 = Release|Any CPU
		{312E5380-77AD-49F4-B304-20CE0C3797BE}.Debug|Any CPU.ActiveCfg = Debug|Any CPU
		{312E5380-77AD-49F4-B304-20CE0C3797BE}.Debug|Any CPU.Build.0 = Debug|Any CPU
		{312E5380-77AD-49F4-B304-20CE0C3797BE}.Release|Any CPU.ActiveCfg = Release|Any CPU
		{312E5380-77AD-49F4-B304-20CE0C3797BE}.Release|Any CPU.Build.0 = Release|Any CPU
		{51C3C01F-111D-4256-92C9-50E9C0202A40}.Debug|Any CPU.ActiveCfg = Debug|Any CPU
		{51C3C01F-111D-4256-92C9-50E9C0202A40}.Debug|Any CPU.Build.0 = Debug|Any CPU
		{51C3C01F-111D-4256-92C9-50E9C0202A40}.Release|Any CPU.ActiveCfg = Release|Any CPU
		{51C3C01F-111D-4256-92C9-50E9C0202A40}.Release|Any CPU.Build.0 = Release|Any CPU
		{8B0D2414-C556-4D7C-AB6D-3E97AB2AD87A}.Debug|Any CPU.ActiveCfg = Debug|Any CPU
		{8B0D2414-C556-4D7C-AB6D-3E97AB2AD87A}.Debug|Any CPU.Build.0 = Debug|Any CPU
		{8B0D2414-C556-4D7C-AB6D-3E97AB2AD87A}.Release|Any CPU.ActiveCfg = Release|Any CPU
		{8B0D2414-C556-4D7C-AB6D-3E97AB2AD87A}.Release|Any CPU.Build.0 = Release|Any CPU
	EndGlobalSection
	GlobalSection(SolutionProperties) = preSolution
		HideSolutionNode = FALSE
	EndGlobalSection
	GlobalSection(NestedProjects) = preSolution
		{19A29861-EDF2-44FF-9C63-FEAE0939348E} = {B490DB69-D7BA-4C79-9F6D-9A8993E699AD}
		{581E4196-6435-412F-9BE2-EE4608A83D80} = {B490DB69-D7BA-4C79-9F6D-9A8993E699AD}
		{8FE10518-C87A-4E9B-A240-D9DB83C1E342} = {B490DB69-D7BA-4C79-9F6D-9A8993E699AD}
		{AA5FA35B-542E-493F-9D2F-A0147CF9BB3B} = {B490DB69-D7BA-4C79-9F6D-9A8993E699AD}
		{AF899F15-B174-453E-B4C5-0B13111B7AAD} = {B490DB69-D7BA-4C79-9F6D-9A8993E699AD}
		{AFD37BCC-1EC1-44E1-91F6-2C3FAA8400C6} = {B490DB69-D7BA-4C79-9F6D-9A8993E699AD}
		{003BDC77-7FBF-4762-A477-330A52636A84} = {764107D5-913D-4BC5-985E-250E0BC16E3D}
		{6E2CEC8F-780E-4A49-A3BB-2D8E88E20DA2} = {764107D5-913D-4BC5-985E-250E0BC16E3D}
		{B9E21310-0DA4-4B1C-99DE-15F3728B6712} = {764107D5-913D-4BC5-985E-250E0BC16E3D}
		{42A58D5C-8AEC-4155-9EF3-5C09CC42E65A} = {764107D5-913D-4BC5-985E-250E0BC16E3D}
		{F1FA1384-19C3-43B5-8900-E45234AFF3EE} = {A31E8CF7-9B01-45E6-BAD6-90AF09BB71A6}
		{80298F25-3CD9-4D04-8000-E259A935931E} = {A31E8CF7-9B01-45E6-BAD6-90AF09BB71A6}
		{2FB84D75-1958-4F38-861B-0102E8F2409D} = {869554FB-23C8-43CE-927C-54DAB53E3C19}
		{7C3F51CD-9FEB-41BA-AF70-C8D513CCEDC3} = {869554FB-23C8-43CE-927C-54DAB53E3C19}
		{F8DEA5BA-FEAE-4E3F-9836-B8951F19B23B} = {869554FB-23C8-43CE-927C-54DAB53E3C19}
		{62D9086B-9813-4571-BD40-9E27F5335CD0} = {869554FB-23C8-43CE-927C-54DAB53E3C19}
		{A3E43BA3-92E5-42C8-BE15-6F70694FD5E3} = {869554FB-23C8-43CE-927C-54DAB53E3C19}
		{EEF29EFE-CBCC-4073-99BD-80B1AA57DEC3} = {0517D264-2154-42D0-88DA-57DBAF62A9EE}
		{5A649161-5F2B-4650-8CAE-7935A80F47E0} = {0517D264-2154-42D0-88DA-57DBAF62A9EE}
		{FC85C3A2-9809-42EF-B906-47F5D3DF3D60} = {1B16CABC-EE40-4183-B7EE-0DD6C91D6BDE}
		{C6C95C54-F03F-42E2-95CC-3FDC04E75C49} = {1B16CABC-EE40-4183-B7EE-0DD6C91D6BDE}
		{9E162287-AA31-490E-8D6E-699FBE71A0A8} = {B65E2E44-3EFE-4A89-B162-A47A9E0F474A}
		{2E64DC6C-BC83-4F8A-889A-07CD8F2A1BC6} = {1B16CABC-EE40-4183-B7EE-0DD6C91D6BDE}
		{89C31FCB-4131-4D3F-9D7B-A9A664B691F8} = {B65E2E44-3EFE-4A89-B162-A47A9E0F474A}
		{DCF8C687-D6B6-4E61-AF0A-BA88C65B7691} = {BB9D8D1C-DD96-4880-A9B6-FC8A0A37DDCD}
		{2CD3A5BC-DCB7-46A9-8F9B-7B9929584AF2} = {BB9D8D1C-DD96-4880-A9B6-FC8A0A37DDCD}
		{E5D1DEA9-E938-4CDC-BCA9-D0B77886264D} = {BB9D8D1C-DD96-4880-A9B6-FC8A0A37DDCD}
		{514DD4BE-6262-4272-BE46-7DFD5A1040FC} = {AA27C614-73FF-46C3-9068-2B11B7399058}
		{17FE2C9A-2E16-4602-95A9-FABE8E32D916} = {AA27C614-73FF-46C3-9068-2B11B7399058}
		{312E5380-77AD-49F4-B304-20CE0C3797BE} = {AA27C614-73FF-46C3-9068-2B11B7399058}
		{51C3C01F-111D-4256-92C9-50E9C0202A40} = {AA27C614-73FF-46C3-9068-2B11B7399058}
		{8B0D2414-C556-4D7C-AB6D-3E97AB2AD87A} = {AA27C614-73FF-46C3-9068-2B11B7399058}
	EndGlobalSection
	GlobalSection(ExtensibilityGlobals) = postSolution
		SolutionGuid = {EC02C299-F875-4A8D-9955-FED6A0C649DD}
	EndGlobalSection
EndGlobal
